{
  "name": "hello-wasi-http-js",
  "version": "1.0.0",
  "lockfileVersion": 3,
  "requires": true,
  "packages": {
    "": {
      "name": "hello-wasi-http-js",
      "version": "1.0.0",
      "license": "ISC",
      "devDependencies": {
        "@bytecodealliance/preview2-shim": "^0.14.2"
      }
    },
    "node_modules/@bytecodealliance/preview2-shim": {
      "version": "0.14.2",
      "resolved": "https://registry.npmjs.org/@bytecodealliance/preview2-shim/-/preview2-shim-0.14.2.tgz",
      "integrity": "sha512-KIZdsKroqqmtS3Pl1bK52izkC13rgaXUn0zwFZbW5MkfvBaWyLHCQdI5s81lxgIAvKu7nF1YIt9mBkr33LWUWw==",
      "dev": true
    }
  }
}
